
Microsoft Visual Studio Solution File, Format Version 12.00
# Visual Studio Version 16
VisualStudioVersion = 16.0.30204.135
MinimumVisualStudioVersion = 10.0.40219.1
Project("{FAE04EC0-301F-11D3-BF4B-00C04F79EFBC}") = "Web", "Web\Web.csproj", "{36F309F2-F000-4FC3-A9E5-45BB0AF42F91}"
EndProject
Project("{9A19103F-16F7-4668-BE54-9A1E7A4F7556}") = "Common", "Common\Common.csproj", "{2929E9DC-79FB-4B91-A2E9-E9A29AFF6385}"
EndProject
Project("{FAE04EC0-301F-11D3-BF4B-00C04F79EFBC}") = "Web.Core", "Web.Core\Web.Core.csproj", "{2F982D67-0474-43F6-AF84-329CC63D6456}"
EndProject
Global
	GlobalSection(SolutionConfigurationPlatforms) = preSolution
		Debug|Any CPU = Debug|Any CPU
		Release|Any CPU = Release|Any CPU
	EndGlobalSection
	GlobalSection(ProjectConfigurationPlatforms) = postSolution
		{36F309F2-F000-4FC3-A9E5-45BB0AF42F91}.Debug|Any CPU.ActiveCfg = Debug|Any CPU
		{36F309F2-F000-4FC3-A9E5-45BB0AF42F91}.Debug|Any CPU.Build.0 = Debug|Any CPU
		{36F309F2-F000-4FC3-A9E5-45BB0AF42F91}.Release|Any CPU.ActiveCfg = Release|Any CPU
		{36F309F2-F000-4FC3-A9E5-45BB0AF42F91}.Release|Any CPU.Build.0 = Release|Any CPU
		{2929E9DC-79FB-4B91-A2E9-E9A29AFF6385}.Debug|Any CPU.ActiveCfg = Debug|Any CPU
		{2929E9DC-79FB-4B91-A2E9-E9A29AFF6385}.Debug|Any CPU.Build.0 = Debug|Any CPU
		{2929E9DC-79FB-4B91-A2E9-E9A29AFF6385}.Release|Any CPU.ActiveCfg = Release|Any CPU
		{2929E9DC-79FB-4B91-A2E9-E9A29AFF6385}.Release|Any CPU.Build.0 = Release|Any CPU
		{2F982D67-0474-43F6-AF84-329CC63D6456}.Debug|Any CPU.ActiveCfg = Debug|Any CPU
		{2F982D67-0474-43F6-AF84-329CC63D6456}.Debug|Any CPU.Build.0 = Debug|Any CPU
		{2F982D67-0474-43F6-AF84-329CC63D6456}.Release|Any CPU.ActiveCfg = Release|Any CPU
		{2F982D67-0474-43F6-AF84-329CC63D6456}.Release|Any CPU.Build.0 = Release|Any CPU
	EndGlobalSection
	GlobalSection(SolutionProperties) = preSolution
		HideSolutionNode = FALSE
	EndGlobalSection
	GlobalSection(ExtensibilityGlobals) = postSolution
		SolutionGuid = {D2DBE924-9593-436F-B3E0-09119657F5D4}
	EndGlobalSection
EndGlobal
